
Microsoft Visual Studio Solution File, Format Version 12.00
# Visual Studio 15
VisualStudioVersion = 15.0.26430.12
MinimumVisualStudioVersion = 10.0.40219.1
Project("{FAE04EC0-301F-11D3-BF4B-00C04F79EFBC}") = "Lab2", "Lab2\Lab2.csproj", "{E5D0394A-14F5-41B7-A34A-E0F8B9D55A9B}"
EndProject
Project("{FAE04EC0-301F-11D3-BF4B-00C04F79EFBC}") = "Lab2Test", "Lab2Test\Lab2Test.csproj", "{33C79D96-1160-4BFE-93E4-7E26461CCB75}"
EndProject
Project("{FAE04EC0-301F-11D3-BF4B-00C04F79EFBC}") = "Lab2Difficult", "Lab2Difficult\Lab2Difficult.csproj", "{4FC53591-7355-40EE-B169-DB4163D1BC95}"
EndProject
Global
	GlobalSection(SolutionConfigurationPlatforms) = preSolution
		Debug|Any CPU = Debug|Any CPU
		Debug|ARM = Debug|ARM
		Debug|x64 = Debug|x64
		Debug|x86 = Debug|x86
		Release|Any CPU = Release|Any CPU
		Release|ARM = Release|ARM
		Release|x64 = Release|x64
		Release|x86 = Release|x86
	EndGlobalSection
	GlobalSection(ProjectConfigurationPlatforms) = postSolution
		{E5D0394A-14F5-41B7-A34A-E0F8B9D55A9B}.Debug|Any CPU.ActiveCfg = Debug|Any CPU
		{E5D0394A-14F5-41B7-A34A-E0F8B9D55A9B}.Debug|Any CPU.Build.0 = Debug|Any CPU
		{E5D0394A-14F5-41B7-A34A-E0F8B9D55A9B}.Debug|ARM.ActiveCfg = Debug|Any CPU
		{E5D0394A-14F5-41B7-A34A-E0F8B9D55A9B}.Debug|ARM.Build.0 = Debug|Any CPU
		{E5D0394A-14F5-41B7-A34A-E0F8B9D55A9B}.Debug|x64.ActiveCfg = Debug|Any CPU
		{E5D0394A-14F5-41B7-A34A-E0F8B9D55A9B}.Debug|x64.Build.0 = Debug|Any CPU
		{E5D0394A-14F5-41B7-A34A-E0F8B9D55A9B}.Debug|x86.ActiveCfg = Debug|Any CPU
		{E5D0394A-14F5-41B7-A34A-E0F8B9D55A9B}.Debug|x86.Build.0 = Debug|Any CPU
		{E5D0394A-14F5-41B7-A34A-E0F8B9D55A9B}.Release|Any CPU.ActiveCfg = Release|Any CPU
		{E5D0394A-14F5-41B7-A34A-E0F8B9D55A9B}.Release|Any CPU.Build.0 = Release|Any CPU
		{E5D0394A-14F5-41B7-A34A-E0F8B9D55A9B}.Release|ARM.ActiveCfg = Release|Any CPU
		{E5D0394A-14F5-41B7-A34A-E0F8B9D55A9B}.Release|ARM.Build.0 = Release|Any CPU
		{E5D0394A-14F5-41B7-A34A-E0F8B9D55A9B}.Release|x64.ActiveCfg = Release|Any CPU
		{E5D0394A-14F5-41B7-A34A-E0F8B9D55A9B}.Release|x64.Build.0 = Release|Any CPU
		{E5D0394A-14F5-41B7-A34A-E0F8B9D55A9B}.Release|x86.ActiveCfg = Release|Any CPU
		{E5D0394A-14F5-41B7-A34A-E0F8B9D55A9B}.Release|x86.Build.0 = Release|Any CPU
		{33C79D96-1160-4BFE-93E4-7E26461CCB75}.Debug|Any CPU.ActiveCfg = Debug|Any CPU
		{33C79D96-1160-4BFE-93E4-7E26461CCB75}.Debug|Any CPU.Build.0 = Debug|Any CPU
		{33C79D96-1160-4BFE-93E4-7E26461CCB75}.Debug|ARM.ActiveCfg = Debug|Any CPU
		{33C79D96-1160-4BFE-93E4-7E26461CCB75}.Debug|ARM.Build.0 = Debug|Any CPU
		{33C79D96-1160-4BFE-93E4-7E26461CCB75}.Debug|x64.ActiveCfg = Debug|Any CPU
		{33C79D96-1160-4BFE-93E4-7E26461CCB75}.Debug|x64.Build.0 = Debug|Any CPU
		{33C79D96-1160-4BFE-93E4-7E26461CCB75}.Debug|x86.ActiveCfg = Debug|Any CPU
		{33C79D96-1160-4BFE-93E4-7E26461CCB75}.Debug|x86.Build.0 = Debug|Any CPU
		{33C79D96-1160-4BFE-93E4-7E26461CCB75}.Release|Any CPU.ActiveCfg = Release|Any CPU
		{33C79D96-1160-4BFE-93E4-7E26461CCB75}.Release|Any CPU.Build.0 = Release|Any CPU
		{33C79D96-1160-4BFE-93E4-7E26461CCB75}.Release|ARM.ActiveCfg = Release|Any CPU
		{33C79D96-1160-4BFE-93E4-7E26461CCB75}.Release|ARM.Build.0 = Release|Any CPU
		{33C79D96-1160-4BFE-93E4-7E26461CCB75}.Release|x64.ActiveCfg = Release|Any CPU
		{33C79D96-1160-4BFE-93E4-7E26461CCB75}.Release|x64.Build.0 = Release|Any CPU
		{33C79D96-1160-4BFE-93E4-7E26461CCB75}.Release|x86.ActiveCfg = Release|Any CPU
		{33C79D96-1160-4BFE-93E4-7E26461CCB75}.Release|x86.Build.0 = Release|Any CPU
		{4FC53591-7355-40EE-B169-DB4163D1BC95}.Debug|Any CPU.ActiveCfg = Debug|Any CPU
		{4FC53591-7355-40EE-B169-DB4163D1BC95}.Debug|Any CPU.Build.0 = Debug|Any CPU
		{4FC53591-7355-40EE-B169-DB4163D1BC95}.Debug|ARM.ActiveCfg = Debug|Any CPU
		{4FC53591-7355-40EE-B169-DB4163D1BC95}.Debug|ARM.Build.0 = Debug|Any CPU
		{4FC53591-7355-40EE-B169-DB4163D1BC95}.Debug|x64.ActiveCfg = Debug|Any CPU
		{4FC53591-7355-40EE-B169-DB4163D1BC95}.Debug|x64.Build.0 = Debug|Any CPU
		{4FC53591-7355-40EE-B169-DB4163D1BC95}.Debug|x86.ActiveCfg = Debug|Any CPU
		{4FC53591-7355-40EE-B169-DB4163D1BC95}.Debug|x86.Build.0 = Debug|Any CPU
		{4FC53591-7355-40EE-B169-DB4163D1BC95}.Release|Any CPU.ActiveCfg = Release|Any CPU
		{4FC53591-7355-40EE-B169-DB4163D1BC95}.Release|Any CPU.Build.0 = Release|Any CPU
		{4FC53591-7355-40EE-B169-DB4163D1BC95}.Release|ARM.ActiveCfg = Release|Any CPU
		{4FC53591-7355-40EE-B169-DB4163D1BC95}.Release|ARM.Build.0 = Release|Any CPU
		{4FC53591-7355-40EE-B169-DB4163D1BC95}.Release|x64.ActiveCfg = Release|Any CPU
		{4FC53591-7355-40EE-B169-DB4163D1BC95}.Release|x64.Build.0 = Release|Any CPU
		{4FC53591-7355-40EE-B169-DB4163D1BC95}.Release|x86.ActiveCfg = Release|Any CPU
		{4FC53591-7355-40EE-B169-DB4163D1BC95}.Release|x86.Build.0 = Release|Any CPU
	EndGlobalSection
	GlobalSection(SolutionProperties) = preSolution
		HideSolutionNode = FALSE
	EndGlobalSection
EndGlobal
